
Microsoft Visual Studio Solution File, Format Version 12.00
# Visual Studio Version 17
VisualStudioVersion = 17.1.32210.238
MinimumVisualStudioVersion = 10.0.40219.1
Project("{8BC9CEB8-8B4A-11D0-8D11-00A0C91BC942}") = "ABSOLUTE_DIFFERENCE", "ABSOLUTE_DIFFERENCE\ABSOLUTE_DIFFERENCE.vcxproj", "{F9CE69F0-E0B5-4B35-8BE4-5AD4C3F28539}"
EndProject
Project("{8BC9CEB8-8B4A-11D0-8D11-00A0C91BC942}") = "CELCIUS_TO_FAHRENHEIT", "CELCIUS_TO_FAHRENHEIT\CELCIUS_TO_FAHRENHEIT.vcxproj", "{FC38B8C7-8903-4607-9A97-BD5962656552}"
EndProject
Project("{8BC9CEB8-8B4A-11D0-8D11-00A0C91BC942}") = "EVEN_OR_ODD", "EVEN_OR_ODD\EVEN_OR_ODD.vcxproj", "{8DECEDDD-09D7-4292-A673-20A1E4B36E2C}"
EndProject
Project("{8BC9CEB8-8B4A-11D0-8D11-00A0C91BC942}") = "LAST_DIGIT_OF_A_NUMBER", "LAST_DIGIT_OF_A_NUMBER\LAST_DIGIT_OF_A_NUMBER.vcxproj", "{7CB22B24-27E3-4C33-BB2E-C9DC19A8BE64}"
EndProject
Project("{8BC9CEB8-8B4A-11D0-8D11-00A0C91BC942}") = "SWAP", "SWAP\SWAP.vcxproj", "{8DCA8BA8-F353-4296-8507-05018F3977F2}"
EndProject
Project("{8BC9CEB8-8B4A-11D0-8D11-00A0C91BC942}") = "GUESSING_GAME", "GUESSING_GAME\GUESSING_GAME.vcxproj", "{04600976-E148-4C32-9F01-A696A42E7ED4}"
EndProject
Project("{8BC9CEB8-8B4A-11D0-8D11-00A0C91BC942}") = "ARITHMETIC_PROGRESSION", "ARITHMETIC_PROGRESSION\ARITHMETIC_PROGRESSION.vcxproj", "{805BCEE0-B866-4B6C-8F0C-4B9FDB32473A}"
EndProject
Project("{8BC9CEB8-8B4A-11D0-8D11-00A0C91BC942}") = "REVERSE_COLLECTION", "REVERSE_COLLECTION\REVERSE_COLLECTION.vcxproj", "{6B4A494B-0FFE-400D-84A4-F37160F39242}"
EndProject
Global
	GlobalSection(SolutionConfigurationPlatforms) = preSolution
		Debug|x64 = Debug|x64
		Debug|x86 = Debug|x86
		Release|x64 = Release|x64
		Release|x86 = Release|x86
	EndGlobalSection
	GlobalSection(ProjectConfigurationPlatforms) = postSolution
		{F9CE69F0-E0B5-4B35-8BE4-5AD4C3F28539}.Debug|x64.ActiveCfg = Debug|x64
		{F9CE69F0-E0B5-4B35-8BE4-5AD4C3F28539}.Debug|x64.Build.0 = Debug|x64
		{F9CE69F0-E0B5-4B35-8BE4-5AD4C3F28539}.Debug|x86.ActiveCfg = Debug|Win32
		{F9CE69F0-E0B5-4B35-8BE4-5AD4C3F28539}.Debug|x86.Build.0 = Debug|Win32
		{F9CE69F0-E0B5-4B35-8BE4-5AD4C3F28539}.Release|x64.ActiveCfg = Release|x64
		{F9CE69F0-E0B5-4B35-8BE4-5AD4C3F28539}.Release|x64.Build.0 = Release|x64
		{F9CE69F0-E0B5-4B35-8BE4-5AD4C3F28539}.Release|x86.ActiveCfg = Release|Win32
		{F9CE69F0-E0B5-4B35-8BE4-5AD4C3F28539}.Release|x86.Build.0 = Release|Win32
		{FC38B8C7-8903-4607-9A97-BD5962656552}.Debug|x64.ActiveCfg = Debug|x64
		{FC38B8C7-8903-4607-9A97-BD5962656552}.Debug|x64.Build.0 = Debug|x64
		{FC38B8C7-8903-4607-9A97-BD5962656552}.Debug|x86.ActiveCfg = Debug|Win32
		{FC38B8C7-8903-4607-9A97-BD5962656552}.Debug|x86.Build.0 = Debug|Win32
		{FC38B8C7-8903-4607-9A97-BD5962656552}.Release|x64.ActiveCfg = Release|x64
		{FC38B8C7-8903-4607-9A97-BD5962656552}.Release|x64.Build.0 = Release|x64
		{FC38B8C7-8903-4607-9A97-BD5962656552}.Release|x86.ActiveCfg = Release|Win32
		{FC38B8C7-8903-4607-9A97-BD5962656552}.Release|x86.Build.0 = Release|Win32
		{8DECEDDD-09D7-4292-A673-20A1E4B36E2C}.Debug|x64.ActiveCfg = Debug|x64
		{8DECEDDD-09D7-4292-A673-20A1E4B36E2C}.Debug|x64.Build.0 = Debug|x64
		{8DECEDDD-09D7-4292-A673-20A1E4B36E2C}.Debug|x86.ActiveCfg = Debug|Win32
		{8DECEDDD-09D7-4292-A673-20A1E4B36E2C}.Debug|x86.Build.0 = Debug|Win32
		{8DECEDDD-09D7-4292-A673-20A1E4B36E2C}.Release|x64.ActiveCfg = Release|x64
		{8DECEDDD-09D7-4292-A673-20A1E4B36E2C}.Release|x64.Build.0 = Release|x64
		{8DECEDDD-09D7-4292-A673-20A1E4B36E2C}.Release|x86.ActiveCfg = Release|Win32
		{8DECEDDD-09D7-4292-A673-20A1E4B36E2C}.Release|x86.Build.0 = Release|Win32
		{7CB22B24-27E3-4C33-BB2E-C9DC19A8BE64}.Debug|x64.ActiveCfg = Debug|x64
		{7CB22B24-27E3-4C33-BB2E-C9DC19A8BE64}.Debug|x64.Build.0 = Debug|x64
		{7CB22B24-27E3-4C33-BB2E-C9DC19A8BE64}.Debug|x86.ActiveCfg = Debug|Win32
		{7CB22B24-27E3-4C33-BB2E-C9DC19A8BE64}.Debug|x86.Build.0 = Debug|Win32
		{7CB22B24-27E3-4C33-BB2E-C9DC19A8BE64}.Release|x64.ActiveCfg = Release|x64
		{7CB22B24-27E3-4C33-BB2E-C9DC19A8BE64}.Release|x64.Build.0 = Release|x64
		{7CB22B24-27E3-4C33-BB2E-C9DC19A8BE64}.Release|x86.ActiveCfg = Release|Win32
		{7CB22B24-27E3-4C33-BB2E-C9DC19A8BE64}.Release|x86.Build.0 = Release|Win32
		{8DCA8BA8-F353-4296-8507-05018F3977F2}.Debug|x64.ActiveCfg = Debug|x64
		{8DCA8BA8-F353-4296-8507-05018F3977F2}.Debug|x64.Build.0 = Debug|x64
		{8DCA8BA8-F353-4296-8507-05018F3977F2}.Debug|x86.ActiveCfg = Debug|Win32
		{8DCA8BA8-F353-4296-8507-05018F3977F2}.Debug|x86.Build.0 = Debug|Win32
		{8DCA8BA8-F353-4296-8507-05018F3977F2}.Release|x64.ActiveCfg = Release|x64
		{8DCA8BA8-F353-4296-8507-05018F3977F2}.Release|x64.Build.0 = Release|x64
		{8DCA8BA8-F353-4296-8507-05018F3977F2}.Release|x86.ActiveCfg = Release|Win32
		{8DCA8BA8-F353-4296-8507-05018F3977F2}.Release|x86.Build.0 = Release|Win32
		{04600976-E148-4C32-9F01-A696A42E7ED4}.Debug|x64.ActiveCfg = Debug|x64
		{04600976-E148-4C32-9F01-A696A42E7ED4}.Debug|x64.Build.0 = Debug|x64
		{04600976-E148-4C32-9F01-A696A42E7ED4}.Debug|x86.ActiveCfg = Debug|Win32
		{04600976-E148-4C32-9F01-A696A42E7ED4}.Debug|x86.Build.0 = Debug|Win32
		{04600976-E148-4C32-9F01-A696A42E7ED4}.Release|x64.ActiveCfg = Release|x64
		{04600976-E148-4C32-9F01-A696A42E7ED4}.Release|x64.Build.0 = Release|x64
		{04600976-E148-4C32-9F01-A696A42E7ED4}.Release|x86.ActiveCfg = Release|Win32
		{04600976-E148-4C32-9F01-A696A42E7ED4}.Release|x86.Build.0 = Release|Win32
		{805BCEE0-B866-4B6C-8F0C-4B9FDB32473A}.Debug|x64.ActiveCfg = Debug|x64
		{805BCEE0-B866-4B6C-8F0C-4B9FDB32473A}.Debug|x64.Build.0 = Debug|x64
		{805BCEE0-B866-4B6C-8F0C-4B9FDB32473A}.Debug|x86.ActiveCfg = Debug|Win32
		{805BCEE0-B866-4B6C-8F0C-4B9FDB32473A}.Debug|x86.Build.0 = Debug|Win32
		{805BCEE0-B866-4B6C-8F0C-4B9FDB32473A}.Release|x64.ActiveCfg = Release|x64
		{805BCEE0-B866-4B6C-8F0C-4B9FDB32473A}.Release|x64.Build.0 = Release|x64
		{805BCEE0-B866-4B6C-8F0C-4B9FDB32473A}.Release|x86.ActiveCfg = Release|Win32
		{805BCEE0-B866-4B6C-8F0C-4B9FDB32473A}.Release|x86.Build.0 = Release|Win32
		{6B4A494B-0FFE-400D-84A4-F37160F39242}.Debug|x64.ActiveCfg = Debug|x64
		{6B4A494B-0FFE-400D-84A4-F37160F39242}.Debug|x64.Build.0 = Debug|x64
		{6B4A494B-0FFE-400D-84A4-F37160F39242}.Debug|x86.ActiveCfg = Debug|Win32
		{6B4A494B-0FFE-400D-84A4-F37160F39242}.Debug|x86.Build.0 = Debug|Win32
		{6B4A494B-0FFE-400D-84A4-F37160F39242}.Release|x64.ActiveCfg = Release|x64
		{6B4A494B-0FFE-400D-84A4-F37160F39242}.Release|x64.Build.0 = Release|x64
		{6B4A494B-0FFE-400D-84A4-F37160F39242}.Release|x86.ActiveCfg = Release|Win32
		{6B4A494B-0FFE-400D-84A4-F37160F39242}.Release|x86.Build.0 = Release|Win32
	EndGlobalSection
	GlobalSection(SolutionProperties) = preSolution
		HideSolutionNode = FALSE
	EndGlobalSection
	GlobalSection(ExtensibilityGlobals) = postSolution
		SolutionGuid = {90049517-7509-4189-BCC9-A0C0CF58BF2A}
	EndGlobalSection
EndGlobal
